
Microsoft Visual Studio Solution File, Format Version 12.00
# Visual Studio Version 16
VisualStudioVersion = 16.0.31019.35
MinimumVisualStudioVersion = 10.0.40219.1
Project("{2150E333-8FDC-42A3-9474-1A3956D46DE8}") = "1.Asp.NetCore.Web", "1.Asp.NetCore.Web", "{06619C3D-D690-4031-BA97-D0F6122EE406}"
EndProject
Project("{2150E333-8FDC-42A3-9474-1A3956D46DE8}") = "4.Asp.NetCore.Business", "4.Asp.NetCore.Business", "{FF3BE036-6DB5-4869-8AA9-8091C56B5FC0}"
EndProject
Project("{2150E333-8FDC-42A3-9474-1A3956D46DE8}") = "2.Asp.NetCore.WebAPI", "2.Asp.NetCore.WebAPI", "{352870DE-520E-4DA8-A6BC-43756B776319}"
EndProject
Project("{9A19103F-16F7-4668-BE54-9A1E7A4F7556}") = "MvcMovie", "1.Asp.NetCore.Web\MvcMovie\MvcMovie.csproj", "{E16D4514-BB06-4B60-AC00-C76C24070572}"
EndProject
Project("{9A19103F-16F7-4668-BE54-9A1E7A4F7556}") = "RazorPagesMovie", "1.Asp.NetCore.Web\RazorPagesMovie\RazorPagesMovie.csproj", "{CFF13A2A-1F6A-417D-82A0-2AEDEE299ABD}"
EndProject
Project("{9A19103F-16F7-4668-BE54-9A1E7A4F7556}") = "TodoList", "1.Asp.NetCore.Web\TodoList\TodoList.csproj", "{651F24BC-1604-4B42-8FB1-316188EB2EC0}"
EndProject
Project("{9A19103F-16F7-4668-BE54-9A1E7A4F7556}") = "Asp.Net Core.Api", "2.Asp.NetCore.WebApi\Asp.Net Core.Api\Asp.Net Core.Api.csproj", "{9DF520D7-13EC-4C63-A3BC-97A726513237}"
EndProject
Project("{2150E333-8FDC-42A3-9474-1A3956D46DE8}") = "5.Asp.NetCore.DAO", "5.Asp.NetCore.DAO", "{A4D9AF2C-89BF-4CC3-A335-22995AC76BD6}"
EndProject
Project("{2150E333-8FDC-42A3-9474-1A3956D46DE8}") = "0.Asp.NetCore.Domain", "0.Asp.NetCore.Domain", "{F978DC04-86AA-471C-B59F-13D2A31977A9}"
EndProject
Project("{2150E333-8FDC-42A3-9474-1A3956D46DE8}") = "3.Asp.NetCore.Console", "3.Asp.NetCore.Console", "{C51791F2-20F8-4A36-8E84-FB258391FC85}"
EndProject
Project("{2150E333-8FDC-42A3-9474-1A3956D46DE8}") = "6.Asp.NetCore.Tools", "6.Asp.NetCore.Tools", "{FF0A8859-4FEB-4333-AF46-66D6A317A6C4}"
EndProject
Project("{9A19103F-16F7-4668-BE54-9A1E7A4F7556}") = "CloudNote.Domain", "0.Asp.NetCore.Domain\CloudNote.Domain\CloudNote.Domain.csproj", "{800ACEB5-70BB-49C1-B534-86DD81EF9AF6}"
EndProject
Project("{9A19103F-16F7-4668-BE54-9A1E7A4F7556}") = "CloudNote.Web", "1.Asp.NetCore.Web\CloudNote.Web\CloudNote.Web.csproj", "{0621ED71-8A09-4CAA-8C26-12EB59BB7B54}"
EndProject
Project("{9A19103F-16F7-4668-BE54-9A1E7A4F7556}") = "CloudNote.Service", "4.Asp.NetCore.Business\CloudNote.Service\CloudNote.Service.csproj", "{91BD8F76-3CAC-4FE2-A4C2-562559AD55C3}"
EndProject
Project("{9A19103F-16F7-4668-BE54-9A1E7A4F7556}") = "MyConsole", "3.Asp.NetCore.Console\MyConsole\MyConsole.csproj", "{06421BE0-1EFC-4DE5-A5CE-0D4617E673B7}"
EndProject
Project("{9A19103F-16F7-4668-BE54-9A1E7A4F7556}") = "CloudNote.Core.SqlServer", "5.Asp.NetCore.DAO\CloudNote.Core.SqlServer\CloudNote.Core.SqlServer.csproj", "{43950A86-F7E6-4B07-A85F-5367A901BB21}"
EndProject
Global
	GlobalSection(SolutionConfigurationPlatforms) = preSolution
		Debug|Any CPU = Debug|Any CPU
		Debug|x64 = Debug|x64
		Debug|x86 = Debug|x86
		Release|Any CPU = Release|Any CPU
		Release|x64 = Release|x64
		Release|x86 = Release|x86
	EndGlobalSection
	GlobalSection(ProjectConfigurationPlatforms) = postSolution
		{E16D4514-BB06-4B60-AC00-C76C24070572}.Debug|Any CPU.ActiveCfg = Debug|Any CPU
		{E16D4514-BB06-4B60-AC00-C76C24070572}.Debug|Any CPU.Build.0 = Debug|Any CPU
		{E16D4514-BB06-4B60-AC00-C76C24070572}.Debug|x64.ActiveCfg = Debug|Any CPU
		{E16D4514-BB06-4B60-AC00-C76C24070572}.Debug|x64.Build.0 = Debug|Any CPU
		{E16D4514-BB06-4B60-AC00-C76C24070572}.Debug|x86.ActiveCfg = Debug|Any CPU
		{E16D4514-BB06-4B60-AC00-C76C24070572}.Debug|x86.Build.0 = Debug|Any CPU
		{E16D4514-BB06-4B60-AC00-C76C24070572}.Release|Any CPU.ActiveCfg = Release|Any CPU
		{E16D4514-BB06-4B60-AC00-C76C24070572}.Release|Any CPU.Build.0 = Release|Any CPU
		{E16D4514-BB06-4B60-AC00-C76C24070572}.Release|x64.ActiveCfg = Release|Any CPU
		{E16D4514-BB06-4B60-AC00-C76C24070572}.Release|x64.Build.0 = Release|Any CPU
		{E16D4514-BB06-4B60-AC00-C76C24070572}.Release|x86.ActiveCfg = Release|Any CPU
		{E16D4514-BB06-4B60-AC00-C76C24070572}.Release|x86.Build.0 = Release|Any CPU
		{CFF13A2A-1F6A-417D-82A0-2AEDEE299ABD}.Debug|Any CPU.ActiveCfg = Debug|Any CPU
		{CFF13A2A-1F6A-417D-82A0-2AEDEE299ABD}.Debug|Any CPU.Build.0 = Debug|Any CPU
		{CFF13A2A-1F6A-417D-82A0-2AEDEE299ABD}.Debug|x64.ActiveCfg = Debug|Any CPU
		{CFF13A2A-1F6A-417D-82A0-2AEDEE299ABD}.Debug|x64.Build.0 = Debug|Any CPU
		{CFF13A2A-1F6A-417D-82A0-2AEDEE299ABD}.Debug|x86.ActiveCfg = Debug|Any CPU
		{CFF13A2A-1F6A-417D-82A0-2AEDEE299ABD}.Debug|x86.Build.0 = Debug|Any CPU
		{CFF13A2A-1F6A-417D-82A0-2AEDEE299ABD}.Release|Any CPU.ActiveCfg = Release|Any CPU
		{CFF13A2A-1F6A-417D-82A0-2AEDEE299ABD}.Release|Any CPU.Build.0 = Release|Any CPU
		{CFF13A2A-1F6A-417D-82A0-2AEDEE299ABD}.Release|x64.ActiveCfg = Release|Any CPU
		{CFF13A2A-1F6A-417D-82A0-2AEDEE299ABD}.Release|x64.Build.0 = Release|Any CPU
		{CFF13A2A-1F6A-417D-82A0-2AEDEE299ABD}.Release|x86.ActiveCfg = Release|Any CPU
		{CFF13A2A-1F6A-417D-82A0-2AEDEE299ABD}.Release|x86.Build.0 = Release|Any CPU
		{651F24BC-1604-4B42-8FB1-316188EB2EC0}.Debug|Any CPU.ActiveCfg = Debug|Any CPU
		{651F24BC-1604-4B42-8FB1-316188EB2EC0}.Debug|Any CPU.Build.0 = Debug|Any CPU
		{651F24BC-1604-4B42-8FB1-316188EB2EC0}.Debug|x64.ActiveCfg = Debug|Any CPU
		{651F24BC-1604-4B42-8FB1-316188EB2EC0}.Debug|x64.Build.0 = Debug|Any CPU
		{651F24BC-1604-4B42-8FB1-316188EB2EC0}.Debug|x86.ActiveCfg = Debug|Any CPU
		{651F24BC-1604-4B42-8FB1-316188EB2EC0}.Debug|x86.Build.0 = Debug|Any CPU
		{651F24BC-1604-4B42-8FB1-316188EB2EC0}.Release|Any CPU.ActiveCfg = Release|Any CPU
		{651F24BC-1604-4B42-8FB1-316188EB2EC0}.Release|Any CPU.Build.0 = Release|Any CPU
		{651F24BC-1604-4B42-8FB1-316188EB2EC0}.Release|x64.ActiveCfg = Release|Any CPU
		{651F24BC-1604-4B42-8FB1-316188EB2EC0}.Release|x64.Build.0 = Release|Any CPU
		{651F24BC-1604-4B42-8FB1-316188EB2EC0}.Release|x86.ActiveCfg = Release|Any CPU
		{651F24BC-1604-4B42-8FB1-316188EB2EC0}.Release|x86.Build.0 = Release|Any CPU
		{9DF520D7-13EC-4C63-A3BC-97A726513237}.Debug|Any CPU.ActiveCfg = Debug|Any CPU
		{9DF520D7-13EC-4C63-A3BC-97A726513237}.Debug|Any CPU.Build.0 = Debug|Any CPU
		{9DF520D7-13EC-4C63-A3BC-97A726513237}.Debug|x64.ActiveCfg = Debug|Any CPU
		{9DF520D7-13EC-4C63-A3BC-97A726513237}.Debug|x64.Build.0 = Debug|Any CPU
		{9DF520D7-13EC-4C63-A3BC-97A726513237}.Debug|x86.ActiveCfg = Debug|Any CPU
		{9DF520D7-13EC-4C63-A3BC-97A726513237}.Debug|x86.Build.0 = Debug|Any CPU
		{9DF520D7-13EC-4C63-A3BC-97A726513237}.Release|Any CPU.ActiveCfg = Release|Any CPU
		{9DF520D7-13EC-4C63-A3BC-97A726513237}.Release|Any CPU.Build.0 = Release|Any CPU
		{9DF520D7-13EC-4C63-A3BC-97A726513237}.Release|x64.ActiveCfg = Release|Any CPU
		{9DF520D7-13EC-4C63-A3BC-97A726513237}.Release|x64.Build.0 = Release|Any CPU
		{9DF520D7-13EC-4C63-A3BC-97A726513237}.Release|x86.ActiveCfg = Release|Any CPU
		{9DF520D7-13EC-4C63-A3BC-97A726513237}.Release|x86.Build.0 = Release|Any CPU
		{800ACEB5-70BB-49C1-B534-86DD81EF9AF6}.Debug|Any CPU.ActiveCfg = Debug|Any CPU
		{800ACEB5-70BB-49C1-B534-86DD81EF9AF6}.Debug|Any CPU.Build.0 = Debug|Any CPU
		{800ACEB5-70BB-49C1-B534-86DD81EF9AF6}.Debug|x64.ActiveCfg = Debug|Any CPU
		{800ACEB5-70BB-49C1-B534-86DD81EF9AF6}.Debug|x64.Build.0 = Debug|Any CPU
		{800ACEB5-70BB-49C1-B534-86DD81EF9AF6}.Debug|x86.ActiveCfg = Debug|Any CPU
		{800ACEB5-70BB-49C1-B534-86DD81EF9AF6}.Debug|x86.Build.0 = Debug|Any CPU
		{800ACEB5-70BB-49C1-B534-86DD81EF9AF6}.Release|Any CPU.ActiveCfg = Release|Any CPU
		{800ACEB5-70BB-49C1-B534-86DD81EF9AF6}.Release|Any CPU.Build.0 = Release|Any CPU
		{800ACEB5-70BB-49C1-B534-86DD81EF9AF6}.Release|x64.ActiveCfg = Release|Any CPU
		{800ACEB5-70BB-49C1-B534-86DD81EF9AF6}.Release|x64.Build.0 = Release|Any CPU
		{800ACEB5-70BB-49C1-B534-86DD81EF9AF6}.Release|x86.ActiveCfg = Release|Any CPU
		{800ACEB5-70BB-49C1-B534-86DD81EF9AF6}.Release|x86.Build.0 = Release|Any CPU
		{0621ED71-8A09-4CAA-8C26-12EB59BB7B54}.Debug|Any CPU.ActiveCfg = Debug|Any CPU
		{0621ED71-8A09-4CAA-8C26-12EB59BB7B54}.Debug|Any CPU.Build.0 = Debug|Any CPU
		{0621ED71-8A09-4CAA-8C26-12EB59BB7B54}.Debug|x64.ActiveCfg = Debug|Any CPU
		{0621ED71-8A09-4CAA-8C26-12EB59BB7B54}.Debug|x64.Build.0 = Debug|Any CPU
		{0621ED71-8A09-4CAA-8C26-12EB59BB7B54}.Debug|x86.ActiveCfg = Debug|Any CPU
		{0621ED71-8A09-4CAA-8C26-12EB59BB7B54}.Debug|x86.Build.0 = Debug|Any CPU
		{0621ED71-8A09-4CAA-8C26-12EB59BB7B54}.Release|Any CPU.ActiveCfg = Release|Any CPU
		{0621ED71-8A09-4CAA-8C26-12EB59BB7B54}.Release|Any CPU.Build.0 = Release|Any CPU
		{0621ED71-8A09-4CAA-8C26-12EB59BB7B54}.Release|x64.ActiveCfg = Release|Any CPU
		{0621ED71-8A09-4CAA-8C26-12EB59BB7B54}.Release|x64.Build.0 = Release|Any CPU
		{0621ED71-8A09-4CAA-8C26-12EB59BB7B54}.Release|x86.ActiveCfg = Release|Any CPU
		{0621ED71-8A09-4CAA-8C26-12EB59BB7B54}.Release|x86.Build.0 = Release|Any CPU
		{91BD8F76-3CAC-4FE2-A4C2-562559AD55C3}.Debug|Any CPU.ActiveCfg = Debug|Any CPU
		{91BD8F76-3CAC-4FE2-A4C2-562559AD55C3}.Debug|Any CPU.Build.0 = Debug|Any CPU
		{91BD8F76-3CAC-4FE2-A4C2-562559AD55C3}.Debug|x64.ActiveCfg = Debug|Any CPU
		{91BD8F76-3CAC-4FE2-A4C2-562559AD55C3}.Debug|x64.Build.0 = Debug|Any CPU
		{91BD8F76-3CAC-4FE2-A4C2-562559AD55C3}.Debug|x86.ActiveCfg = Debug|Any CPU
		{91BD8F76-3CAC-4FE2-A4C2-562559AD55C3}.Debug|x86.Build.0 = Debug|Any CPU
		{91BD8F76-3CAC-4FE2-A4C2-562559AD55C3}.Release|Any CPU.ActiveCfg = Release|Any CPU
		{91BD8F76-3CAC-4FE2-A4C2-562559AD55C3}.Release|Any CPU.Build.0 = Release|Any CPU
		{91BD8F76-3CAC-4FE2-A4C2-562559AD55C3}.Release|x64.ActiveCfg = Release|Any CPU
		{91BD8F76-3CAC-4FE2-A4C2-562559AD55C3}.Release|x64.Build.0 = Release|Any CPU
		{91BD8F76-3CAC-4FE2-A4C2-562559AD55C3}.Release|x86.ActiveCfg = Release|Any CPU
		{91BD8F76-3CAC-4FE2-A4C2-562559AD55C3}.Release|x86.Build.0 = Release|Any CPU
		{06421BE0-1EFC-4DE5-A5CE-0D4617E673B7}.Debug|Any CPU.ActiveCfg = Debug|Any CPU
		{06421BE0-1EFC-4DE5-A5CE-0D4617E673B7}.Debug|Any CPU.Build.0 = Debug|Any CPU
		{06421BE0-1EFC-4DE5-A5CE-0D4617E673B7}.Debug|x64.ActiveCfg = Debug|Any CPU
		{06421BE0-1EFC-4DE5-A5CE-0D4617E673B7}.Debug|x64.Build.0 = Debug|Any CPU
		{06421BE0-1EFC-4DE5-A5CE-0D4617E673B7}.Debug|x86.ActiveCfg = Debug|x86
		{06421BE0-1EFC-4DE5-A5CE-0D4617E673B7}.Debug|x86.Build.0 = Debug|x86
		{06421BE0-1EFC-4DE5-A5CE-0D4617E673B7}.Release|Any CPU.ActiveCfg = Release|Any CPU
		{06421BE0-1EFC-4DE5-A5CE-0D4617E673B7}.Release|Any CPU.Build.0 = Release|Any CPU
		{06421BE0-1EFC-4DE5-A5CE-0D4617E673B7}.Release|x64.ActiveCfg = Release|Any CPU
		{06421BE0-1EFC-4DE5-A5CE-0D4617E673B7}.Release|x86.ActiveCfg = Release|x86
		{06421BE0-1EFC-4DE5-A5CE-0D4617E673B7}.Release|x86.Build.0 = Release|x86
		{43950A86-F7E6-4B07-A85F-5367A901BB21}.Debug|Any CPU.ActiveCfg = Debug|Any CPU
		{43950A86-F7E6-4B07-A85F-5367A901BB21}.Debug|Any CPU.Build.0 = Debug|Any CPU
		{43950A86-F7E6-4B07-A85F-5367A901BB21}.Debug|x64.ActiveCfg = Debug|Any CPU
		{43950A86-F7E6-4B07-A85F-5367A901BB21}.Debug|x64.Build.0 = Debug|Any CPU
		{43950A86-F7E6-4B07-A85F-5367A901BB21}.Debug|x86.ActiveCfg = Debug|Any CPU
		{43950A86-F7E6-4B07-A85F-5367A901BB21}.Debug|x86.Build.0 = Debug|Any CPU
		{43950A86-F7E6-4B07-A85F-5367A901BB21}.Release|Any CPU.ActiveCfg = Release|Any CPU
		{43950A86-F7E6-4B07-A85F-5367A901BB21}.Release|Any CPU.Build.0 = Release|Any CPU
		{43950A86-F7E6-4B07-A85F-5367A901BB21}.Release|x64.ActiveCfg = Release|Any CPU
		{43950A86-F7E6-4B07-A85F-5367A901BB21}.Release|x64.Build.0 = Release|Any CPU
		{43950A86-F7E6-4B07-A85F-5367A901BB21}.Release|x86.ActiveCfg = Release|Any CPU
		{43950A86-F7E6-4B07-A85F-5367A901BB21}.Release|x86.Build.0 = Release|Any CPU
	EndGlobalSection
	GlobalSection(SolutionProperties) = preSolution
		HideSolutionNode = FALSE
	EndGlobalSection
	GlobalSection(NestedProjects) = preSolution
		{E16D4514-BB06-4B60-AC00-C76C24070572} = {06619C3D-D690-4031-BA97-D0F6122EE406}
		{CFF13A2A-1F6A-417D-82A0-2AEDEE299ABD} = {06619C3D-D690-4031-BA97-D0F6122EE406}
		{651F24BC-1604-4B42-8FB1-316188EB2EC0} = {06619C3D-D690-4031-BA97-D0F6122EE406}
		{9DF520D7-13EC-4C63-A3BC-97A726513237} = {352870DE-520E-4DA8-A6BC-43756B776319}
		{800ACEB5-70BB-49C1-B534-86DD81EF9AF6} = {F978DC04-86AA-471C-B59F-13D2A31977A9}
		{0621ED71-8A09-4CAA-8C26-12EB59BB7B54} = {06619C3D-D690-4031-BA97-D0F6122EE406}
		{91BD8F76-3CAC-4FE2-A4C2-562559AD55C3} = {FF3BE036-6DB5-4869-8AA9-8091C56B5FC0}
		{06421BE0-1EFC-4DE5-A5CE-0D4617E673B7} = {C51791F2-20F8-4A36-8E84-FB258391FC85}
		{43950A86-F7E6-4B07-A85F-5367A901BB21} = {A4D9AF2C-89BF-4CC3-A335-22995AC76BD6}
	EndGlobalSection
	GlobalSection(ExtensibilityGlobals) = postSolution
		SolutionGuid = {249A796B-E651-461B-8A4E-CEE902071392}
	EndGlobalSection
EndGlobal
