{
  "requires": true,
  "lockfileVersion": 1,
  "dependencies": {
    "layui": {
      "version": "2.6.5",
      "resolved": "https://registry.npmjs.org/layui/-/layui-2.6.5.tgz",
      "integrity": "sha512-cYtpW+zDxsvnbvw62YiRk8Y/BaXAtV2oupw+lu25YmCBQZFOciFwNkngZ2H9iIE6RI+2Z1t7huCy4ynf30gcHQ=="
    }
  }
}
